
Microsoft Visual Studio Solution File, Format Version 12.00
# Visual Studio Version 17
VisualStudioVersion = 17.4.33213.308
MinimumVisualStudioVersion = 10.0.40219.1
Project("{9A19103F-16F7-4668-BE54-9A1E7A4F7556}") = "UserManagment.Domain", "UserManagment.Domain\UserManagment.Domain.csproj", "{4FD399B2-1487-42B7-AA1F-DDB75E0DBF12}"
EndProject
Project("{9A19103F-16F7-4668-BE54-9A1E7A4F7556}") = "UserManagment.Infrastructure", "UserManagment.Infrastructure\UserManagment.Infrastructure.csproj", "{64E1BC53-775A-4D0B-9D5A-A441A6F96ED0}"
EndProject
Project("{9A19103F-16F7-4668-BE54-9A1E7A4F7556}") = "UserManagment.API", "UserManagment.API\UserManagment.API.csproj", "{CDB9F738-F1E3-4924-9328-E7CEF8052EB6}"
EndProject
Project("{9A19103F-16F7-4668-BE54-9A1E7A4F7556}") = "UserManagmentEventSsore.Commands", "UserManagmentEventSsore.Commands\UserManagmentEventSsore.Commands.csproj", "{B3AE2471-6DAA-4666-B84F-FFCB03F4A151}"
EndProject
Project("{9A19103F-16F7-4668-BE54-9A1E7A4F7556}") = "UserManagmentEventStore.Queries", "UserManagmentEventStore.Queries\UserManagmentEventStore.Queries.csproj", "{B7173354-F5E3-4CEB-901D-7AC1E105DDDC}"
EndProject
Global
	GlobalSection(SolutionConfigurationPlatforms) = preSolution
		Debug|Any CPU = Debug|Any CPU
		Release|Any CPU = Release|Any CPU
	EndGlobalSection
	GlobalSection(ProjectConfigurationPlatforms) = postSolution
		{4FD399B2-1487-42B7-AA1F-DDB75E0DBF12}.Debug|Any CPU.ActiveCfg = Debug|Any CPU
		{4FD399B2-1487-42B7-AA1F-DDB75E0DBF12}.Debug|Any CPU.Build.0 = Debug|Any CPU
		{4FD399B2-1487-42B7-AA1F-DDB75E0DBF12}.Release|Any CPU.ActiveCfg = Release|Any CPU
		{4FD399B2-1487-42B7-AA1F-DDB75E0DBF12}.Release|Any CPU.Build.0 = Release|Any CPU
		{64E1BC53-775A-4D0B-9D5A-A441A6F96ED0}.Debug|Any CPU.ActiveCfg = Debug|Any CPU
		{64E1BC53-775A-4D0B-9D5A-A441A6F96ED0}.Debug|Any CPU.Build.0 = Debug|Any CPU
		{64E1BC53-775A-4D0B-9D5A-A441A6F96ED0}.Release|Any CPU.ActiveCfg = Release|Any CPU
		{64E1BC53-775A-4D0B-9D5A-A441A6F96ED0}.Release|Any CPU.Build.0 = Release|Any CPU
		{CDB9F738-F1E3-4924-9328-E7CEF8052EB6}.Debug|Any CPU.ActiveCfg = Debug|Any CPU
		{CDB9F738-F1E3-4924-9328-E7CEF8052EB6}.Debug|Any CPU.Build.0 = Debug|Any CPU
		{CDB9F738-F1E3-4924-9328-E7CEF8052EB6}.Release|Any CPU.ActiveCfg = Release|Any CPU
		{CDB9F738-F1E3-4924-9328-E7CEF8052EB6}.Release|Any CPU.Build.0 = Release|Any CPU
		{B3AE2471-6DAA-4666-B84F-FFCB03F4A151}.Debug|Any CPU.ActiveCfg = Debug|Any CPU
		{B3AE2471-6DAA-4666-B84F-FFCB03F4A151}.Debug|Any CPU.Build.0 = Debug|Any CPU
		{B3AE2471-6DAA-4666-B84F-FFCB03F4A151}.Release|Any CPU.ActiveCfg = Release|Any CPU
		{B3AE2471-6DAA-4666-B84F-FFCB03F4A151}.Release|Any CPU.Build.0 = Release|Any CPU
		{B7173354-F5E3-4CEB-901D-7AC1E105DDDC}.Debug|Any CPU.ActiveCfg = Debug|Any CPU
		{B7173354-F5E3-4CEB-901D-7AC1E105DDDC}.Debug|Any CPU.Build.0 = Debug|Any CPU
		{B7173354-F5E3-4CEB-901D-7AC1E105DDDC}.Release|Any CPU.ActiveCfg = Release|Any CPU
		{B7173354-F5E3-4CEB-901D-7AC1E105DDDC}.Release|Any CPU.Build.0 = Release|Any CPU
	EndGlobalSection
	GlobalSection(SolutionProperties) = preSolution
		HideSolutionNode = FALSE
	EndGlobalSection
	GlobalSection(ExtensibilityGlobals) = postSolution
		SolutionGuid = {82D109EB-6A19-4130-BB44-0B3D749E2053}
	EndGlobalSection
EndGlobal
